{
    "name": "test",
    "version": "1.0.0",
    "lockfileVersion": 1,
    "requires": true,
    "dependencies": {
        "@types/node": {
            "version": "9.6.23",
            "resolved": "http://registry.npm.taobao.org/@types/node/download/@types/node-9.6.23.tgz",
            "dev": true
        },
        "axios": {
            "version": "0.18.0",
            "resolved": "https://registry.npmjs.org/axios/-/axios-0.18.0.tgz",
            "integrity": "sha1-MtU+SFHv3AoRmTts0AB4nXDAUQI=",
            "requires": {
                "follow-redirects": "1.5.0",
                "is-buffer": "1.1.6"
            },
            "dependencies": {
                "follow-redirects": {
                    "version": "1.5.0",
                    "resolved": "https://registry.npmjs.org/follow-redirects/-/follow-redirects-1.5.0.tgz",
                    "integrity": "sha512-fdrt472/9qQ6Kgjvb935ig6vJCuofpBUD14f9Vb+SLlm7xIe4Qva5gey8EKtv8lp7ahE1wilg3xL1znpVGtZIA==",
                    "requires": {
                        "debug": "3.1.0"
                    }
                }
            }
        },
        "debug": {
            "version": "3.1.0",
            "resolved": "http://registry.npm.taobao.org/debug/download/debug-3.1.0.tgz",
            "dependencies": {
                "ms": {
                    "version": "http://registry.npm.taobao.org/ms/download/ms-2.0.0.tgz",
                    "bundled": true
                }
            }
        },
        "is-buffer": {
            "version": "1.1.6",
            "resolved": "http://registry.npm.taobao.org/is-buffer/download/is-buffer-1.1.6.tgz"
        },
        "js-base64": {
            "version": "2.4.5",
            "resolved": "https://registry.npmjs.org/js-base64/-/js-base64-2.4.5.tgz",
            "integrity": "sha512-aUnNwqMOXw3yvErjMPSQu6qIIzUmT1e5KcU1OZxRDU1g/am6mzBvcrmLAYwzmB59BHPrh5/tKaiF4OPhqRWESQ=="
        }
    }
}
